
Microsoft Visual Studio Solution File, Format Version 12.00
# Visual Studio Version 16
VisualStudioVersion = 16.0.30104.148
MinimumVisualStudioVersion = 10.0.40219.1
Project("{9A19103F-16F7-4668-BE54-9A1E7A4F7556}") = "SportsX", "SportsX\SportsX.csproj", "{69E99CE3-B2EC-4F13-88A9-C07073EC71C4}"
EndProject
Project("{FAE04EC0-301F-11D3-BF4B-00C04F79EFBC}") = "SportsX.Repository", "SportsX.Repository\SportsX.Repository.csproj", "{C1674E59-DB9D-4A48-96BF-77E3F28E03A9}"
EndProject
Project("{FAE04EC0-301F-11D3-BF4B-00C04F79EFBC}") = "SportsX.Common", "SportsX.Common\SportsX.Common.csproj", "{045CA567-DC6E-456A-A041-BDFFD8B6161C}"
EndProject
Project("{2150E333-8FDC-42A3-9474-1A3956D46DE8}") = "Solution Items", "Solution Items", "{D8D6DD0C-D181-43B4-8EB0-D1AD104A8BA9}"
	ProjectSection(SolutionItems) = preProject
		README.md = README.md
	EndProjectSection
EndProject
Project("{FAE04EC0-301F-11D3-BF4B-00C04F79EFBC}") = "SportsX.Domain", "SportsX.Domain\SportsX.Domain.csproj", "{565B3336-964F-4AD7-A245-4498DF83F2FE}"
EndProject
Global
	GlobalSection(SolutionConfigurationPlatforms) = preSolution
		Debug|Any CPU = Debug|Any CPU
		Release|Any CPU = Release|Any CPU
	EndGlobalSection
	GlobalSection(ProjectConfigurationPlatforms) = postSolution
		{69E99CE3-B2EC-4F13-88A9-C07073EC71C4}.Debug|Any CPU.ActiveCfg = Debug|Any CPU
		{69E99CE3-B2EC-4F13-88A9-C07073EC71C4}.Debug|Any CPU.Build.0 = Debug|Any CPU
		{69E99CE3-B2EC-4F13-88A9-C07073EC71C4}.Release|Any CPU.ActiveCfg = Release|Any CPU
		{69E99CE3-B2EC-4F13-88A9-C07073EC71C4}.Release|Any CPU.Build.0 = Release|Any CPU
		{C1674E59-DB9D-4A48-96BF-77E3F28E03A9}.Debug|Any CPU.ActiveCfg = Debug|Any CPU
		{C1674E59-DB9D-4A48-96BF-77E3F28E03A9}.Debug|Any CPU.Build.0 = Debug|Any CPU
		{C1674E59-DB9D-4A48-96BF-77E3F28E03A9}.Release|Any CPU.ActiveCfg = Release|Any CPU
		{C1674E59-DB9D-4A48-96BF-77E3F28E03A9}.Release|Any CPU.Build.0 = Release|Any CPU
		{045CA567-DC6E-456A-A041-BDFFD8B6161C}.Debug|Any CPU.ActiveCfg = Debug|Any CPU
		{045CA567-DC6E-456A-A041-BDFFD8B6161C}.Debug|Any CPU.Build.0 = Debug|Any CPU
		{045CA567-DC6E-456A-A041-BDFFD8B6161C}.Release|Any CPU.ActiveCfg = Release|Any CPU
		{045CA567-DC6E-456A-A041-BDFFD8B6161C}.Release|Any CPU.Build.0 = Release|Any CPU
		{565B3336-964F-4AD7-A245-4498DF83F2FE}.Debug|Any CPU.ActiveCfg = Debug|Any CPU
		{565B3336-964F-4AD7-A245-4498DF83F2FE}.Debug|Any CPU.Build.0 = Debug|Any CPU
		{565B3336-964F-4AD7-A245-4498DF83F2FE}.Release|Any CPU.ActiveCfg = Release|Any CPU
		{565B3336-964F-4AD7-A245-4498DF83F2FE}.Release|Any CPU.Build.0 = Release|Any CPU
	EndGlobalSection
	GlobalSection(SolutionProperties) = preSolution
		HideSolutionNode = FALSE
	EndGlobalSection
	GlobalSection(ExtensibilityGlobals) = postSolution
		SolutionGuid = {44083AB7-2C2E-4D61-8A7B-637A2062B7B8}
	EndGlobalSection
EndGlobal
